
Microsoft Visual Studio Solution File, Format Version 12.00
# Visual Studio Version 17
VisualStudioVersion = 17.7.34221.43
MinimumVisualStudioVersion = 10.0.40219.1
Project("{FAE04EC0-301F-11D3-BF4B-00C04F79EFBC}") = "ShelterBooking", "ShelterBooking.csproj", "{99912667-E01D-40B6-9AEB-4176BA5062C9}"
EndProject
Project("{FAE04EC0-301F-11D3-BF4B-00C04F79EFBC}") = "ShelterApp.Server", "..\ShelterApp\Server\ShelterApp.Server.csproj", "{4D5B2F3D-DAAE-44AB-85AD-1A78F3A58E6C}"
EndProject
Project("{FAE04EC0-301F-11D3-BF4B-00C04F79EFBC}") = "ShelterApp.Client", "..\ShelterApp\Client\ShelterApp.Client.csproj", "{C5530948-FD10-4CF6-9550-3A48993857D9}"
EndProject
Project("{FAE04EC0-301F-11D3-BF4B-00C04F79EFBC}") = "ShelterApp.Shared", "..\ShelterApp\Shared\ShelterApp.Shared.csproj", "{F76C8410-577C-4DEF-B309-867E248B85B0}"
EndProject
Global
	GlobalSection(SolutionConfigurationPlatforms) = preSolution
		Debug|Any CPU = Debug|Any CPU
		Release|Any CPU = Release|Any CPU
	EndGlobalSection
	GlobalSection(ProjectConfigurationPlatforms) = postSolution
		{99912667-E01D-40B6-9AEB-4176BA5062C9}.Debug|Any CPU.ActiveCfg = Debug|Any CPU
		{99912667-E01D-40B6-9AEB-4176BA5062C9}.Debug|Any CPU.Build.0 = Debug|Any CPU
		{99912667-E01D-40B6-9AEB-4176BA5062C9}.Release|Any CPU.ActiveCfg = Release|Any CPU
		{99912667-E01D-40B6-9AEB-4176BA5062C9}.Release|Any CPU.Build.0 = Release|Any CPU
		{4D5B2F3D-DAAE-44AB-85AD-1A78F3A58E6C}.Debug|Any CPU.ActiveCfg = Debug|Any CPU
		{4D5B2F3D-DAAE-44AB-85AD-1A78F3A58E6C}.Debug|Any CPU.Build.0 = Debug|Any CPU
		{4D5B2F3D-DAAE-44AB-85AD-1A78F3A58E6C}.Release|Any CPU.ActiveCfg = Release|Any CPU
		{4D5B2F3D-DAAE-44AB-85AD-1A78F3A58E6C}.Release|Any CPU.Build.0 = Release|Any CPU
		{C5530948-FD10-4CF6-9550-3A48993857D9}.Debug|Any CPU.ActiveCfg = Debug|Any CPU
		{C5530948-FD10-4CF6-9550-3A48993857D9}.Debug|Any CPU.Build.0 = Debug|Any CPU
		{C5530948-FD10-4CF6-9550-3A48993857D9}.Release|Any CPU.ActiveCfg = Release|Any CPU
		{C5530948-FD10-4CF6-9550-3A48993857D9}.Release|Any CPU.Build.0 = Release|Any CPU
		{F76C8410-577C-4DEF-B309-867E248B85B0}.Debug|Any CPU.ActiveCfg = Debug|Any CPU
		{F76C8410-577C-4DEF-B309-867E248B85B0}.Debug|Any CPU.Build.0 = Debug|Any CPU
		{F76C8410-577C-4DEF-B309-867E248B85B0}.Release|Any CPU.ActiveCfg = Release|Any CPU
		{F76C8410-577C-4DEF-B309-867E248B85B0}.Release|Any CPU.Build.0 = Release|Any CPU
	EndGlobalSection
	GlobalSection(SolutionProperties) = preSolution
		HideSolutionNode = FALSE
	EndGlobalSection
	GlobalSection(ExtensibilityGlobals) = postSolution
		SolutionGuid = {4626F23F-52DF-45DC-98C3-5B497CCB22EB}
	EndGlobalSection
EndGlobal
